version = 1
revision = 3
requires-python = ">=3.13"

[[package]]
name = "invoke"
version = "2.2.0"
source = { registry = "https://pypi.org/simple" }
sdist = { url = "https://files.pythonhosted.org/packages/f9/42/127e6d792884ab860defc3f4d80a8f9812e48ace584ffc5a346de58cdc6c/invoke-2.2.0.tar.gz", hash = "sha256:ee6cbb101af1a859c7fe84f2a264c059020b0cb7fe3535f9424300ab568f6bd5", size = 299835, upload-time = "2023-07-12T18:05:17.998Z" }
wheels = [
    { url = "https://files.pythonhosted.org/packages/0a/66/7f8c48009c72d73bc6bbe6eb87ac838d6a526146f7dab14af671121eb379/invoke-2.2.0-py3-none-any.whl", hash = "sha256:6ea924cc53d4f78e3d98bc436b08069a03077e6f85ad1ddaa8a116d7dad15820", size = 160274, upload-time = "2023-07-12T18:05:16.294Z" },
]

[[package]]
name = "python-dotenv"
version = "1.2.1"
source = { registry = "https://pypi.org/simple" }
sdist = { url = "https://files.pythonhosted.org/packages/f0/26/19cadc79a718c5edbec86fd4919a6b6d3f681039a2f6d66d14be94e75fb9/python_dotenv-1.2.1.tar.gz", hash = "sha256:42667e897e16ab0d66954af0e60a9caa94f0fd4ecf3aaf6d2d260eec1aa36ad6", size = 44221, upload-time = "2025-10-26T15:12:10.434Z" }
wheels = [
    { url = "https://files.pythonhosted.org/packages/14/1b/a298b06749107c305e1fe0f814c6c74aea7b2f1e10989cb30f544a1b3253/python_dotenv-1.2.1-py3-none-any.whl", hash = "sha256:b81ee9561e9ca4004139c6cbba3a238c32b03e4894671e181b671e8cb8425d61", size = 21230, upload-time = "2025-10-26T15:12:09.109Z" },
]

[[package]]
name = "toolbx-containers"
version = "0.1.0"
source = { virtual = "." }
dependencies = [
    { name = "invoke" },
    { name = "python-dotenv" },
]

[package.metadata]
requires-dist = [
    { name = "invoke", specifier = ">=2.2.0" },
    { name = "python-dotenv", specifier = ">=1.1.1" },
]
